// !$*UTF8*$!
{
	archiveVersion = 1;
	classes = {
	};
	objectVersion = 50;
	objects = {

/* Begin PBXBuildFile section */
		5F1C248C240D128F00678725 /* AppDelegate.swift in Sources */ = {isa = PBXBuildFile; fileRef = 5F1C248B240D128F00678725 /* AppDelegate.swift */; };
		5F1C248E240D128F00678725 /* SceneDelegate.swift in Sources */ = {isa = PBXBuildFile; fileRef = 5F1C248D240D128F00678725 /* SceneDelegate.swift */; };
		5F1C2490240D128F00678725 /* RestaurantListViewController.swift in Sources */ = {isa = PBXBuildFile; fileRef = 5F1C248F240D128F00678725 /* RestaurantListViewController.swift */; };
		5F1C2493240D128F00678725 /* Main.storyboard in Resources */ = {isa = PBXBuildFile; fileRef = 5F1C2491240D128F00678725 /* Main.storyboard */; };
		5F1C2495240D129200678725 /* Assets.xcassets in Resources */ = {isa = PBXBuildFile; fileRef = 5F1C2494240D129200678725 /* Assets.xcassets */; };
		5F1C2498240D129200678725 /* LaunchScreen.storyboard in Resources */ = {isa = PBXBuildFile; fileRef = 5F1C2496240D129200678725 /* LaunchScreen.storyboard */; };
		5F1C24A3240D129200678725 /* FoodNearbyTests.swift in Sources */ = {isa = PBXBuildFile; fileRef = 5F1C24A2240D129200678725 /* FoodNearbyTests.swift */; };
		5F1C24AE240D129200678725 /* FoodNearbyUITests.swift in Sources */ = {isa = PBXBuildFile; fileRef = 5F1C24AD240D129200678725 /* FoodNearbyUITests.swift */; };
		5F1C24BD240D18CC00678725 /* RestaurantModel.swift in Sources */ = {isa = PBXBuildFile; fileRef = 5F1C24BC240D18CC00678725 /* RestaurantModel.swift */; };
		5F1C24BF240D19C700678725 /* RestaurantListResponse.json in Resources */ = {isa = PBXBuildFile; fileRef = 5F1C24BE240D19C700678725 /* RestaurantListResponse.json */; };
		5F1C24C1240D1A5500678725 /* RestaurantViewModel.swift in Sources */ = {isa = PBXBuildFile; fileRef = 5F1C24C0240D1A5500678725 /* RestaurantViewModel.swift */; };
		5FC6CBEB240EC71F00592AE5 /* RestaurantCell.swift in Sources */ = {isa = PBXBuildFile; fileRef = 5FC6CBEA240EC71F00592AE5 /* RestaurantCell.swift */; };
		5FDCEC87240ED68E007F6C94 /* RatingView.swift in Sources */ = {isa = PBXBuildFile; fileRef = 5FDCEC86240ED68E007F6C94 /* RatingView.swift */; };
/* End PBXBuildFile section */

/* Begin PBXContainerItemProxy section */
		5F1C249F240D129200678725 /* PBXContainerItemProxy */ = {
			isa = PBXContainerItemProxy;
			containerPortal = 5F1C2480240D128F00678725 /* Project object */;
			proxyType = 1;
			remoteGlobalIDString = 5F1C2487240D128F00678725;
			remoteInfo = FoodNearby;
		};
		5F1C24AA240D129200678725 /* PBXContainerItemProxy */ = {
			isa = PBXContainerItemProxy;
			containerPortal = 5F1C2480240D128F00678725 /* Project object */;
			proxyType = 1;
			remoteGlobalIDString = 5F1C2487240D128F00678725;
			remoteInfo = FoodNearby;
		};
/* End PBXContainerItemProxy section */

/* Begin PBXFileReference section */
		5F1C2488240D128F00678725 /* FoodNearby.app */ = {isa = PBXFileReference; explicitFileType = wrapper.application; includeInIndex = 0; path = FoodNearby.app; sourceTree = BUILT_PRODUCTS_DIR; };
		5F1C248B240D128F00678725 /* AppDelegate.swift */ = {isa = PBXFileReference; lastKnownFileType = sourcecode.swift; path = AppDelegate.swift; sourceTree = "<group>"; };
		5F1C248D240D128F00678725 /* SceneDelegate.swift */ = {isa = PBXFileReference; lastKnownFileType = sourcecode.swift; path = SceneDelegate.swift; sourceTree = "<group>"; };
		5F1C248F240D128F00678725 /* RestaurantListViewController.swift */ = {isa = PBXFileReference; lastKnownFileType = sourcecode.swift; path = RestaurantListViewController.swift; sourceTree = "<group>"; };
		5F1C2492240D128F00678725 /* Base */ = {isa = PBXFileReference; lastKnownFileType = file.storyboard; name = Base; path = Base.lproj/Main.storyboard; sourceTree = "<group>"; };
		5F1C2494240D129200678725 /* Assets.xcassets */ = {isa = PBXFileReference; lastKnownFileType = folder.assetcatalog; path = Assets.xcassets; sourceTree = "<group>"; };
		5F1C2497240D129200678725 /* Base */ = {isa = PBXFileReference; lastKnownFileType = file.storyboard; name = Base; path = Base.lproj/LaunchScreen.storyboard; sourceTree = "<group>"; };
		5F1C2499240D129200678725 /* Info.plist */ = {isa = PBXFileReference; lastKnownFileType = text.plist.xml; path = Info.plist; sourceTree = "<group>"; };
		5F1C249E240D129200678725 /* FoodNearbyTests.xctest */ = {isa = PBXFileReference; explicitFileType = wrapper.cfbundle; includeInIndex = 0; path = FoodNearbyTests.xctest; sourceTree = BUILT_PRODUCTS_DIR; };
		5F1C24A2240D129200678725 /* FoodNearbyTests.swift */ = {isa = PBXFileReference; lastKnownFileType = sourcecode.swift; path = FoodNearbyTests.swift; sourceTree = "<group>"; };
		5F1C24A4240D129200678725 /* Info.plist */ = {isa = PBXFileReference; lastKnownFileType = text.plist.xml; path = Info.plist; sourceTree = "<group>"; };
		5F1C24A9240D129200678725 /* FoodNearbyUITests.xctest */ = {isa = PBXFileReference; explicitFileType = wrapper.cfbundle; includeInIndex = 0; path = FoodNearbyUITests.xctest; sourceTree = BUILT_PRODUCTS_DIR; };
		5F1C24AD240D129200678725 /* FoodNearbyUITests.swift */ = {isa = PBXFileReference; lastKnownFileType = sourcecode.swift; path = FoodNearbyUITests.swift; sourceTree = "<group>"; };
		5F1C24AF240D129200678725 /* Info.plist */ = {isa = PBXFileReference; lastKnownFileType = text.plist.xml; path = Info.plist; sourceTree = "<group>"; };
		5F1C24BC240D18CC00678725 /* RestaurantModel.swift */ = {isa = PBXFileReference; lastKnownFileType = sourcecode.swift; path = RestaurantModel.swift; sourceTree = "<group>"; };
		5F1C24BE240D19C700678725 /* RestaurantListResponse.json */ = {isa = PBXFileReference; fileEncoding = 4; lastKnownFileType = text.json; path = RestaurantListResponse.json; sourceTree = "<group>"; };
		5F1C24C0240D1A5500678725 /* RestaurantViewModel.swift */ = {isa = PBXFileReference; lastKnownFileType = sourcecode.swift; path = RestaurantViewModel.swift; sourceTree = "<group>"; };
		5FC6CBEA240EC71F00592AE5 /* RestaurantCell.swift */ = {isa = PBXFileReference; lastKnownFileType = sourcecode.swift; path = RestaurantCell.swift; sourceTree = "<group>"; };
		5FDCEC86240ED68E007F6C94 /* RatingView.swift */ = {isa = PBXFileReference; lastKnownFileType = sourcecode.swift; path = RatingView.swift; sourceTree = "<group>"; };
/* End PBXFileReference section */

/* Begin PBXFrameworksBuildPhase section */
		5F1C2485240D128F00678725 /* Frameworks */ = {
			isa = PBXFrameworksBuildPhase;
			buildActionMask = 2147483647;
			files = (
			);
			runOnlyForDeploymentPostprocessing = 0;
		};
		5F1C249B240D129200678725 /* Frameworks */ = {
			isa = PBXFrameworksBuildPhase;
			buildActionMask = 2147483647;
			files = (
			);
			runOnlyForDeploymentPostprocessing = 0;
		};
		5F1C24A6240D129200678725 /* Frameworks */ = {
			isa = PBXFrameworksBuildPhase;
			buildActionMask = 2147483647;
			files = (
			);
			runOnlyForDeploymentPostprocessing = 0;
		};
/* End PBXFrameworksBuildPhase section */

/* Begin PBXGroup section */
		5F1C247F240D128F00678725 = {
			isa = PBXGroup;
			children = (
				5F1C248A240D128F00678725 /* FoodNearby */,
				5F1C24A1240D129200678725 /* FoodNearbyTests */,
				5F1C24AC240D129200678725 /* FoodNearbyUITests */,
				5F1C2489240D128F00678725 /* Products */,
			);
			sourceTree = "<group>";
		};
		5F1C2489240D128F00678725 /* Products */ = {
			isa = PBXGroup;
			children = (
				5F1C2488240D128F00678725 /* FoodNearby.app */,
				5F1C249E240D129200678725 /* FoodNearbyTests.xctest */,
				5F1C24A9240D129200678725 /* FoodNearbyUITests.xctest */,
			);
			name = Products;
			sourceTree = "<group>";
		};
		5F1C248A240D128F00678725 /* FoodNearby */ = {
			isa = PBXGroup;
			children = (
				5FDCEC85240ED66D007F6C94 /* Utility */,
				5F1C24BB240D132800678725 /* RestaurantListing */,
				5F1C248B240D128F00678725 /* AppDelegate.swift */,
				5F1C248D240D128F00678725 /* SceneDelegate.swift */,
				5F1C2491240D128F00678725 /* Main.storyboard */,
				5F1C2494240D129200678725 /* Assets.xcassets */,
				5F1C2496240D129200678725 /* LaunchScreen.storyboard */,
				5F1C2499240D129200678725 /* Info.plist */,
			);
			path = FoodNearby;
			sourceTree = "<group>";
		};
		5F1C24A1240D129200678725 /* FoodNearbyTests */ = {
			isa = PBXGroup;
			children = (
				5F1C24A2240D129200678725 /* FoodNearbyTests.swift */,
				5F1C24A4240D129200678725 /* Info.plist */,
			);
			path = FoodNearbyTests;
			sourceTree = "<group>";
		};
		5F1C24AC240D129200678725 /* FoodNearbyUITests */ = {
			isa = PBXGroup;
			children = (
				5F1C24AD240D129200678725 /* FoodNearbyUITests.swift */,
				5F1C24AF240D129200678725 /* Info.plist */,
			);
			path = FoodNearbyUITests;
			sourceTree = "<group>";
		};
		5F1C24BB240D132800678725 /* RestaurantListing */ = {
			isa = PBXGroup;
			children = (
				5F1C248F240D128F00678725 /* RestaurantListViewController.swift */,
				5FC6CBEA240EC71F00592AE5 /* RestaurantCell.swift */,
				5F1C24C0240D1A5500678725 /* RestaurantViewModel.swift */,
				5F1C24BC240D18CC00678725 /* RestaurantModel.swift */,
				5F1C24BE240D19C700678725 /* RestaurantListResponse.json */,
			);
			path = RestaurantListing;
			sourceTree = "<group>";
		};
		5FDCEC85240ED66D007F6C94 /* Utility */ = {
			isa = PBXGroup;
			children = (
				5FDCEC86240ED68E007F6C94 /* RatingView.swift */,
			);
			path = Utility;
			sourceTree = "<group>";
		};
/* End PBXGroup section */

/* Begin PBXNativeTarget section */
		5F1C2487240D128F00678725 /* FoodNearby */ = {
			isa = PBXNativeTarget;
			buildConfigurationList = 5F1C24B2240D129200678725 /* Build configuration list for PBXNativeTarget "FoodNearby" */;
			buildPhases = (
				5F1C2484240D128F00678725 /* Sources */,
				5F1C2485240D128F00678725 /* Frameworks */,
				5F1C2486240D128F00678725 /* Resources */,
			);
			buildRules = (
			);
			dependencies = (
			);
			name = FoodNearby;
			productName = FoodNearby;
			productReference = 5F1C2488240D128F00678725 /* FoodNearby.app */;
			productType = "com.apple.product-type.application";
		};
		5F1C249D240D129200678725 /* FoodNearbyTests */ = {
			isa = PBXNativeTarget;
			buildConfigurationList = 5F1C24B5240D129200678725 /* Build configuration list for PBXNativeTarget "FoodNearbyTests" */;
			buildPhases = (
				5F1C249A240D129200678725 /* Sources */,
				5F1C249B240D129200678725 /* Frameworks */,
				5F1C249C240D129200678725 /* Resources */,
			);
			buildRules = (
			);
			dependencies = (
				5F1C24A0240D129200678725 /* PBXTargetDependency */,
			);
			name = FoodNearbyTests;
			productName = FoodNearbyTests;
			productReference = 5F1C249E240D129200678725 /* FoodNearbyTests.xctest */;
			productType = "com.apple.product-type.bundle.unit-test";
		};
		5F1C24A8240D129200678725 /* FoodNearbyUITests */ = {
			isa = PBXNativeTarget;
			buildConfigurationList = 5F1C24B8240D129200678725 /* Build configuration list for PBXNativeTarget "FoodNearbyUITests" */;
			buildPhases = (
				5F1C24A5240D129200678725 /* Sources */,
				5F1C24A6240D129200678725 /* Frameworks */,
				5F1C24A7240D129200678725 /* Resources */,
			);
			buildRules = (
			);
			dependencies = (
				5F1C24AB240D129200678725 /* PBXTargetDependency */,
			);
			name = FoodNearbyUITests;
			productName = FoodNearbyUITests;
			productReference = 5F1C24A9240D129200678725 /* FoodNearbyUITests.xctest */;
			productType = "com.apple.product-type.bundle.ui-testing";
		};
/* End PBXNativeTarget section */

/* Begin PBXProject section */
		5F1C2480240D128F00678725 /* Project object */ = {
			isa = PBXProject;
			attributes = {
				LastSwiftUpdateCheck = 1130;
				LastUpgradeCheck = 1130;
				ORGANIZATIONNAME = "Rahul Dange";
				TargetAttributes = {
					5F1C2487240D128F00678725 = {
						CreatedOnToolsVersion = 11.3.1;
					};
					5F1C249D240D129200678725 = {
						CreatedOnToolsVersion = 11.3.1;
						TestTargetID = 5F1C2487240D128F00678725;
					};
					5F1C24A8240D129200678725 = {
						CreatedOnToolsVersion = 11.3.1;
						TestTargetID = 5F1C2487240D128F00678725;
					};
				};
			};
			buildConfigurationList = 5F1C2483240D128F00678725 /* Build configuration list for PBXProject "FoodNearby" */;
			compatibilityVersion = "Xcode 9.3";
			developmentRegion = en;
			hasScannedForEncodings = 0;
			knownRegions = (
				en,
				Base,
			);
			mainGroup = 5F1C247F240D128F00678725;
			productRefGroup = 5F1C2489240D128F00678725 /* Products */;
			projectDirPath = "";
			projectRoot = "";
			targets = (
				5F1C2487240D128F00678725 /* FoodNearby */,
				5F1C249D240D129200678725 /* FoodNearbyTests */,
				5F1C24A8240D129200678725 /* FoodNearbyUITests */,
			);
		};
/* End PBXProject section */

/* Begin PBXResourcesBuildPhase section */
		5F1C2486240D128F00678725 /* Resources */ = {
			isa = PBXResourcesBuildPhase;
			buildActionMask = 2147483647;
			files = (
				5F1C24BF240D19C700678725 /* RestaurantListResponse.json in Resources */,
				5F1C2498240D129200678725 /* LaunchScreen.storyboard in Resources */,
				5F1C2495240D129200678725 /* Assets.xcassets in Resources */,
				5F1C2493240D128F00678725 /* Main.storyboard in Resources */,
			);
			runOnlyForDeploymentPostprocessing = 0;
		};
		5F1C249C240D129200678725 /* Resources */ = {
			isa = PBXResourcesBuildPhase;
			buildActionMask = 2147483647;
			files = (
			);
			runOnlyForDeploymentPostprocessing = 0;
		};
		5F1C24A7240D129200678725 /* Resources */ = {
			isa = PBXResourcesBuildPhase;
			buildActionMask = 2147483647;
			files = (
			);
			runOnlyForDeploymentPostprocessing = 0;
		};
/* End PBXResourcesBuildPhase section */

/* Begin PBXSourcesBuildPhase section */
		5F1C2484240D128F00678725 /* Sources */ = {
			isa = PBXSourcesBuildPhase;
			buildActionMask = 2147483647;
			files = (
				5FC6CBEB240EC71F00592AE5 /* RestaurantCell.swift in Sources */,
				5F1C2490240D128F00678725 /* RestaurantListViewController.swift in Sources */,
				5F1C248C240D128F00678725 /* AppDelegate.swift in Sources */,
				5F1C24C1240D1A5500678725 /* RestaurantViewModel.swift in Sources */,
				5F1C24BD240D18CC00678725 /* RestaurantModel.swift in Sources */,
				5FDCEC87240ED68E007F6C94 /* RatingView.swift in Sources */,
				5F1C248E240D128F00678725 /* SceneDelegate.swift in Sources */,
			);
			runOnlyForDeploymentPostprocessing = 0;
		};
		5F1C249A240D129200678725 /* Sources */ = {
			isa = PBXSourcesBuildPhase;
			buildActionMask = 2147483647;
			files = (
				5F1C24A3240D129200678725 /* FoodNearbyTests.swift in Sources */,
			);
			runOnlyForDeploymentPostprocessing = 0;
		};
		5F1C24A5240D129200678725 /* Sources */ = {
			isa = PBXSourcesBuildPhase;
			buildActionMask = 2147483647;
			files = (
				5F1C24AE240D129200678725 /* FoodNearbyUITests.swift in Sources */,
			);
			runOnlyForDeploymentPostprocessing = 0;
		};
/* End PBXSourcesBuildPhase section */

/* Begin PBXTargetDependency section */
		5F1C24A0240D129200678725 /* PBXTargetDependency */ = {
			isa = PBXTargetDependency;
			target = 5F1C2487240D128F00678725 /* FoodNearby */;
			targetProxy = 5F1C249F240D129200678725 /* PBXContainerItemProxy */;
		};
		5F1C24AB240D129200678725 /* PBXTargetDependency */ = {
			isa = PBXTargetDependency;
			target = 5F1C2487240D128F00678725 /* FoodNearby */;
			targetProxy = 5F1C24AA240D129200678725 /* PBXContainerItemProxy */;
		};
/* End PBXTargetDependency section */

/* Begin PBXVariantGroup section */
		5F1C2491240D128F00678725 /* Main.storyboard */ = {
			isa = PBXVariantGroup;
			children = (
				5F1C2492240D128F00678725 /* Base */,
			);
			name = Main.storyboard;
			sourceTree = "<group>";
		};
		5F1C2496240D129200678725 /* LaunchScreen.storyboard */ = {
			isa = PBXVariantGroup;
			children = (
				5F1C2497240D129200678725 /* Base */,
			);
			name = LaunchScreen.storyboard;
			sourceTree = "<group>";
		};
/* End PBXVariantGroup section */

/* Begin XCBuildConfiguration section */
		5F1C24B0240D129200678725 /* Debug */ = {
			isa = XCBuildConfiguration;
			buildSettings = {
				ALWAYS_SEARCH_USER_PATHS = NO;
				CLANG_ANALYZER_NONNULL = YES;
				CLANG_ANALYZER_NUMBER_OBJECT_CONVERSION = YES_AGGRESSIVE;
				CLANG_CXX_LANGUAGE_STANDARD = "gnu++14";
				CLANG_CXX_LIBRARY = "libc++";
				CLANG_ENABLE_MODULES = YES;
				CLANG_ENABLE_OBJC_ARC = YES;
				CLANG_ENABLE_OBJC_WEAK = YES;
				CLANG_WARN_BLOCK_CAPTURE_AUTORELEASING = YES;
				CLANG_WARN_BOOL_CONVERSION = YES;
				CLANG_WARN_COMMA = YES;
				CLANG_WARN_CONSTANT_CONVERSION = YES;
				CLANG_WARN_DEPRECATED_OBJC_IMPLEMENTATIONS = YES;
				CLANG_WARN_DIRECT_OBJC_ISA_USAGE = YES_ERROR;
				CLANG_WARN_DOCUMENTATION_COMMENTS = YES;
				CLANG_WARN_EMPTY_BODY = YES;
				CLANG_WARN_ENUM_CONVERSION = YES;
				CLANG_WARN_INFINITE_RECURSION = YES;
				CLANG_WARN_INT_CONVERSION = YES;
				CLANG_WARN_NON_LITERAL_NULL_CONVERSION = YES;
				CLANG_WARN_OBJC_IMPLICIT_RETAIN_SELF = YES;
				CLANG_WARN_OBJC_LITERAL_CONVERSION = YES;
				CLANG_WARN_OBJC_ROOT_CLASS = YES_ERROR;
				CLANG_WARN_RANGE_LOOP_ANALYSIS = YES;
				CLANG_WARN_STRICT_PROTOTYPES = YES;
				CLANG_WARN_SUSPICIOUS_MOVE = YES;
				CLANG_WARN_UNGUARDED_AVAILABILITY = YES_AGGRESSIVE;
				CLANG_WARN_UNREACHABLE_CODE = YES;
				CLANG_WARN__DUPLICATE_METHOD_MATCH = YES;
				COPY_PHASE_STRIP = NO;
				DEBUG_INFORMATION_FORMAT = dwarf;
				ENABLE_STRICT_OBJC_MSGSEND = YES;
				ENABLE_TESTABILITY = YES;
				GCC_C_LANGUAGE_STANDARD = gnu11;
				GCC_DYNAMIC_NO_PIC = NO;
				GCC_NO_COMMON_BLOCKS = YES;
				GCC_OPTIMIZATION_LEVEL = 0;
				GCC_PREPROCESSOR_DEFINITIONS = (
					"DEBUG=1",
					"$(inherited)",
				);
				GCC_WARN_64_TO_32_BIT_CONVERSION = YES;
				GCC_WARN_ABOUT_RETURN_TYPE = YES_ERROR;
				GCC_WARN_UNDECLARED_SELECTOR = YES;
				GCC_WARN_UNINITIALIZED_AUTOS = YES_AGGRESSIVE;
				GCC_WARN_UNUSED_FUNCTION = YES;
				GCC_WARN_UNUSED_VARIABLE = YES;
				IPHONEOS_DEPLOYMENT_TARGET = 13.2;
				MTL_ENABLE_DEBUG_INFO = INCLUDE_SOURCE;
				MTL_FAST_MATH = YES;
				ONLY_ACTIVE_ARCH = YES;
				SDKROOT = iphoneos;
				SWIFT_ACTIVE_COMPILATION_CONDITIONS = DEBUG;
				SWIFT_OPTIMIZATION_LEVEL = "-Onone";
			};
			name = Debug;
		};
		5F1C24B1240D129200678725 /* Release */ = {
			isa = XCBuildConfiguration;
			buildSettings = {
				ALWAYS_SEARCH_USER_PATHS = NO;
				CLANG_ANALYZER_NONNULL = YES;
				CLANG_ANALYZER_NUMBER_OBJECT_CONVERSION = YES_AGGRESSIVE;
				CLANG_CXX_LANGUAGE_STANDARD = "gnu++14";
				CLANG_CXX_LIBRARY = "libc++";
				CLANG_ENABLE_MODULES = YES;
				CLANG_ENABLE_OBJC_ARC = YES;
				CLANG_ENABLE_OBJC_WEAK = YES;
				CLANG_WARN_BLOCK_CAPTURE_AUTORELEASING = YES;
				CLANG_WARN_BOOL_CONVERSION = YES;
				CLANG_WARN_COMMA = YES;
				CLANG_WARN_CONSTANT_CONVERSION = YES;
				CLANG_WARN_DEPRECATED_OBJC_IMPLEMENTATIONS = YES;
				CLANG_WARN_DIRECT_OBJC_ISA_USAGE = YES_ERROR;
				CLANG_WARN_DOCUMENTATION_COMMENTS = YES;
				CLANG_WARN_EMPTY_BODY = YES;
				CLANG_WARN_ENUM_CONVERSION = YES;
				CLANG_WARN_INFINITE_RECURSION = YES;
				CLANG_WARN_INT_CONVERSION = YES;
				CLANG_WARN_NON_LITERAL_NULL_CONVERSION = YES;
				CLANG_WARN_OBJC_IMPLICIT_RETAIN_SELF = YES;
				CLANG_WARN_OBJC_LITERAL_CONVERSION = YES;
				CLANG_WARN_OBJC_ROOT_CLASS = YES_ERROR;
				CLANG_WARN_RANGE_LOOP_ANALYSIS = YES;
				CLANG_WARN_STRICT_PROTOTYPES = YES;
				CLANG_WARN_SUSPICIOUS_MOVE = YES;
				CLANG_WARN_UNGUARDED_AVAILABILITY = YES_AGGRESSIVE;
				CLANG_WARN_UNREACHABLE_CODE = YES;
				CLANG_WARN__DUPLICATE_METHOD_MATCH = YES;
				COPY_PHASE_STRIP = NO;
				DEBUG_INFORMATION_FORMAT = "dwarf-with-dsym";
				ENABLE_NS_ASSERTIONS = NO;
				ENABLE_STRICT_OBJC_MSGSEND = YES;
				GCC_C_LANGUAGE_STANDARD = gnu11;
				GCC_NO_COMMON_BLOCKS = YES;
				GCC_WARN_64_TO_32_BIT_CONVERSION = YES;
				GCC_WARN_ABOUT_RETURN_TYPE = YES_ERROR;
				GCC_WARN_UNDECLARED_SELECTOR = YES;
				GCC_WARN_UNINITIALIZED_AUTOS = YES_AGGRESSIVE;
				GCC_WARN_UNUSED_FUNCTION = YES;
				GCC_WARN_UNUSED_VARIABLE = YES;
				IPHONEOS_DEPLOYMENT_TARGET = 13.2;
				MTL_ENABLE_DEBUG_INFO = NO;
				MTL_FAST_MATH = YES;
				SDKROOT = iphoneos;
				SWIFT_COMPILATION_MODE = wholemodule;
				SWIFT_OPTIMIZATION_LEVEL = "-O";
				VALIDATE_PRODUCT = YES;
			};
			name = Release;
		};
		5F1C24B3240D129200678725 /* Debug */ = {
			isa = XCBuildConfiguration;
			buildSettings = {
				ASSETCATALOG_COMPILER_APPICON_NAME = AppIcon;
				CODE_SIGN_STYLE = Automatic;
				DEVELOPMENT_TEAM = 53XT5T6645;
				INFOPLIST_FILE = FoodNearby/Info.plist;
				LD_RUNPATH_SEARCH_PATHS = (
					"$(inherited)",
					"@executable_path/Frameworks",
				);
				PRODUCT_BUNDLE_IDENTIFIER = com.rahul.FoodNearby;
				PRODUCT_NAME = "$(TARGET_NAME)";
				SWIFT_VERSION = 5.0;
				TARGETED_DEVICE_FAMILY = "1,2";
			};
			name = Debug;
		};
		5F1C24B4240D129200678725 /* Release */ = {
			isa = XCBuildConfiguration;
			buildSettings = {
				ASSETCATALOG_COMPILER_APPICON_NAME = AppIcon;
				CODE_SIGN_STYLE = Automatic;
				DEVELOPMENT_TEAM = 53XT5T6645;
				INFOPLIST_FILE = FoodNearby/Info.plist;
				LD_RUNPATH_SEARCH_PATHS = (
					"$(inherited)",
					"@executable_path/Frameworks",
				);
				PRODUCT_BUNDLE_IDENTIFIER = com.rahul.FoodNearby;
				PRODUCT_NAME = "$(TARGET_NAME)";
				SWIFT_VERSION = 5.0;
				TARGETED_DEVICE_FAMILY = "1,2";
			};
			name = Release;
		};
		5F1C24B6240D129200678725 /* Debug */ = {
			isa = XCBuildConfiguration;
			buildSettings = {
				ALWAYS_EMBED_SWIFT_STANDARD_LIBRARIES = YES;
				BUNDLE_LOADER = "$(TEST_HOST)";
				CODE_SIGN_STYLE = Automatic;
				DEVELOPMENT_TEAM = 53XT5T6645;
				INFOPLIST_FILE = FoodNearbyTests/Info.plist;
				IPHONEOS_DEPLOYMENT_TARGET = 13.2;
				LD_RUNPATH_SEARCH_PATHS = (
					"$(inherited)",
					"@executable_path/Frameworks",
					"@loader_path/Frameworks",
				);
				PRODUCT_BUNDLE_IDENTIFIER = com.rahul.FoodNearbyTests;
				PRODUCT_NAME = "$(TARGET_NAME)";
				SWIFT_VERSION = 5.0;
				TARGETED_DEVICE_FAMILY = "1,2";
				TEST_HOST = "$(BUILT_PRODUCTS_DIR)/FoodNearby.app/FoodNearby";
			};
			name = Debug;
		};
		5F1C24B7240D129200678725 /* Release */ = {
			isa = XCBuildConfiguration;
			buildSettings = {
				ALWAYS_EMBED_SWIFT_STANDARD_LIBRARIES = YES;
				BUNDLE_LOADER = "$(TEST_HOST)";
				CODE_SIGN_STYLE = Automatic;
				DEVELOPMENT_TEAM = 53XT5T6645;
				INFOPLIST_FILE = FoodNearbyTests/Info.plist;
				IPHONEOS_DEPLOYMENT_TARGET = 13.2;
				LD_RUNPATH_SEARCH_PATHS = (
					"$(inherited)",
					"@executable_path/Frameworks",
					"@loader_path/Frameworks",
				);
				PRODUCT_BUNDLE_IDENTIFIER = com.rahul.FoodNearbyTests;
				PRODUCT_NAME = "$(TARGET_NAME)";
				SWIFT_VERSION = 5.0;
				TARGETED_DEVICE_FAMILY = "1,2";
				TEST_HOST = "$(BUILT_PRODUCTS_DIR)/FoodNearby.app/FoodNearby";
			};
			name = Release;
		};
		5F1C24B9240D129200678725 /* Debug */ = {
			isa = XCBuildConfiguration;
			buildSettings = {
				ALWAYS_EMBED_SWIFT_STANDARD_LIBRARIES = YES;
				CODE_SIGN_STYLE = Automatic;
				DEVELOPMENT_TEAM = 53XT5T6645;
				INFOPLIST_FILE = FoodNearbyUITests/Info.plist;
				LD_RUNPATH_SEARCH_PATHS = (
					"$(inherited)",
					"@executable_path/Frameworks",
					"@loader_path/Frameworks",
				);
				PRODUCT_BUNDLE_IDENTIFIER = com.rahul.FoodNearbyUITests;
				PRODUCT_NAME = "$(TARGET_NAME)";
				SWIFT_VERSION = 5.0;
				TARGETED_DEVICE_FAMILY = "1,2";
				TEST_TARGET_NAME = FoodNearby;
			};
			name = Debug;
		};
		5F1C24BA240D129200678725 /* Release */ = {
			isa = XCBuildConfiguration;
			buildSettings = {
				ALWAYS_EMBED_SWIFT_STANDARD_LIBRARIES = YES;
				CODE_SIGN_STYLE = Automatic;
				DEVELOPMENT_TEAM = 53XT5T6645;
				INFOPLIST_FILE = FoodNearbyUITests/Info.plist;
				LD_RUNPATH_SEARCH_PATHS = (
					"$(inherited)",
					"@executable_path/Frameworks",
					"@loader_path/Frameworks",
				);
				PRODUCT_BUNDLE_IDENTIFIER = com.rahul.FoodNearbyUITests;
				PRODUCT_NAME = "$(TARGET_NAME)";
				SWIFT_VERSION = 5.0;
				TARGETED_DEVICE_FAMILY = "1,2";
				TEST_TARGET_NAME = FoodNearby;
			};
			name = Release;
		};
/* End XCBuildConfiguration section */

/* Begin XCConfigurationList section */
		5F1C2483240D128F00678725 /* Build configuration list for PBXProject "FoodNearby" */ = {
			isa = XCConfigurationList;
			buildConfigurations = (
				5F1C24B0240D129200678725 /* Debug */,
				5F1C24B1240D129200678725 /* Release */,
			);
			defaultConfigurationIsVisible = 0;
			defaultConfigurationName = Release;
		};
		5F1C24B2240D129200678725 /* Build configuration list for PBXNativeTarget "FoodNearby" */ = {
			isa = XCConfigurationList;
			buildConfigurations = (
				5F1C24B3240D129200678725 /* Debug */,
				5F1C24B4240D129200678725 /* Release */,
			);
			defaultConfigurationIsVisible = 0;
			defaultConfigurationName = Release;
		};
		5F1C24B5240D129200678725 /* Build configuration list for PBXNativeTarget "FoodNearbyTests" */ = {
			isa = XCConfigurationList;
			buildConfigurations = (
				5F1C24B6240D129200678725 /* Debug */,
				5F1C24B7240D129200678725 /* Release */,
			);
			defaultConfigurationIsVisible = 0;
			defaultConfigurationName = Release;
		};
		5F1C24B8240D129200678725 /* Build configuration list for PBXNativeTarget "FoodNearbyUITests" */ = {
			isa = XCConfigurationList;
			buildConfigurations = (
				5F1C24B9240D129200678725 /* Debug */,
				5F1C24BA240D129200678725 /* Release */,
			);
			defaultConfigurationIsVisible = 0;
			defaultConfigurationName = Release;
		};
/* End XCConfigurationList section */
	};
	rootObject = 5F1C2480240D128F00678725 /* Project object */;
}
